
Microsoft Visual Studio Solution File, Format Version 12.00
# Visual Studio Version 17
VisualStudioVersion = 17.0.31903.59
MinimumVisualStudioVersion = 10.0.40219.1
Project("{FAE04EC0-301F-11D3-BF4B-00C04F79EFBC}") = "AiTutor.Application", "AiTutor.Application\AiTutor.Application.csproj", "{BF01C78E-E311-494F-9C28-F92A4A48358E}"
EndProject
Project("{FAE04EC0-301F-11D3-BF4B-00C04F79EFBC}") = "AiTutor.Domain", "AiTutor.Domain\AiTutor.Domain.csproj", "{AD5BEEB6-5652-46D0-B239-8B3794862FD7}"
EndProject
Project("{FAE04EC0-301F-11D3-BF4B-00C04F79EFBC}") = "AiTutor.Infrastructure", "AiTutor.Infrastructure\AiTutor.Infrastructure.csproj", "{312673DE-E084-4075-8FF5-0E74FECF1CD6}"
EndProject
Project("{FAE04EC0-301F-11D3-BF4B-00C04F79EFBC}") = "AiTutor.API", "AiTutor.API\AiTutor.API.csproj", "{6F196E34-CDB2-4891-A79E-EC023E0BBAE0}"
EndProject
Global
	GlobalSection(SolutionConfigurationPlatforms) = preSolution
		Debug|Any CPU = Debug|Any CPU
		Release|Any CPU = Release|Any CPU
	EndGlobalSection
	GlobalSection(SolutionProperties) = preSolution
		HideSolutionNode = FALSE
	EndGlobalSection
	GlobalSection(ProjectConfigurationPlatforms) = postSolution
		{7FA571CB-2384-4B7F-8197-BF0D307C4DF2}.Debug|Any CPU.ActiveCfg = Debug|Any CPU
		{7FA571CB-2384-4B7F-8197-BF0D307C4DF2}.Debug|Any CPU.Build.0 = Debug|Any CPU
		{7FA571CB-2384-4B7F-8197-BF0D307C4DF2}.Release|Any CPU.ActiveCfg = Release|Any CPU
		{7FA571CB-2384-4B7F-8197-BF0D307C4DF2}.Release|Any CPU.Build.0 = Release|Any CPU
		{BF01C78E-E311-494F-9C28-F92A4A48358E}.Debug|Any CPU.ActiveCfg = Debug|Any CPU
		{BF01C78E-E311-494F-9C28-F92A4A48358E}.Debug|Any CPU.Build.0 = Debug|Any CPU
		{BF01C78E-E311-494F-9C28-F92A4A48358E}.Release|Any CPU.ActiveCfg = Release|Any CPU
		{BF01C78E-E311-494F-9C28-F92A4A48358E}.Release|Any CPU.Build.0 = Release|Any CPU
		{AD5BEEB6-5652-46D0-B239-8B3794862FD7}.Debug|Any CPU.ActiveCfg = Debug|Any CPU
		{AD5BEEB6-5652-46D0-B239-8B3794862FD7}.Debug|Any CPU.Build.0 = Debug|Any CPU
		{AD5BEEB6-5652-46D0-B239-8B3794862FD7}.Release|Any CPU.ActiveCfg = Release|Any CPU
		{AD5BEEB6-5652-46D0-B239-8B3794862FD7}.Release|Any CPU.Build.0 = Release|Any CPU
		{312673DE-E084-4075-8FF5-0E74FECF1CD6}.Debug|Any CPU.ActiveCfg = Debug|Any CPU
		{312673DE-E084-4075-8FF5-0E74FECF1CD6}.Debug|Any CPU.Build.0 = Debug|Any CPU
		{312673DE-E084-4075-8FF5-0E74FECF1CD6}.Release|Any CPU.ActiveCfg = Release|Any CPU
		{312673DE-E084-4075-8FF5-0E74FECF1CD6}.Release|Any CPU.Build.0 = Release|Any CPU
		{6F196E34-CDB2-4891-A79E-EC023E0BBAE0}.Debug|Any CPU.ActiveCfg = Debug|Any CPU
		{6F196E34-CDB2-4891-A79E-EC023E0BBAE0}.Debug|Any CPU.Build.0 = Debug|Any CPU
		{6F196E34-CDB2-4891-A79E-EC023E0BBAE0}.Release|Any CPU.ActiveCfg = Release|Any CPU
		{6F196E34-CDB2-4891-A79E-EC023E0BBAE0}.Release|Any CPU.Build.0 = Release|Any CPU
	EndGlobalSection
	GlobalSection(NestedProjects) = preSolution
		{BF01C78E-E311-494F-9C28-F92A4A48358E} = {63E7DDCD-CB19-4C74-972A-E49DF8AA7B0C}
		{AD5BEEB6-5652-46D0-B239-8B3794862FD7} = {63E7DDCD-CB19-4C74-972A-E49DF8AA7B0C}
		{312673DE-E084-4075-8FF5-0E74FECF1CD6} = {63E7DDCD-CB19-4C74-972A-E49DF8AA7B0C}
		{6F196E34-CDB2-4891-A79E-EC023E0BBAE0} = {63E7DDCD-CB19-4C74-972A-E49DF8AA7B0C}
	EndGlobalSection
EndGlobal
